{
  "version": 4,
  "terraform_version": "1.8.1",
  "serial": 3,
  "lineage": "4f02d645-a97c-548d-a076-5e915c195538",
  "outputs": {},
  "resources": [
    {
      "mode": "managed",
      "type": "gandi_domain",
      "name": "aredherring_tech",
      "provider": "provider[\"registry.terraform.io/go-gandi/gandi\"]",
      "instances": [
        {
          "schema_version": 0,
          "attributes": {
            "admin": [
              {
                "city": "Dublin",
                "country": "IE",
                "data_obfuscated": true,
                "email": "aredherring2+gandi@gmail.com",
                "extra_parameters": {
                  "birth_city": "",
                  "birth_country": "",
                  "birth_date": "",
                  "birth_department": ""
                },
                "family_name": "Pantry",
                "given_name": "Dan",
                "mail_obfuscated": true,
                "organisation": "",
                "phone": "+353.838838549",
                "state": "",
                "street_addr": "Hanover Quarter",
                "type": "person",
                "zip": "D02 RC90"
              }
            ],
            "autorenew": true,
            "billing": [
              {
                "city": "Dublin",
                "country": "IE",
                "data_obfuscated": true,
                "email": "aredherring2+gandi@gmail.com",
                "extra_parameters": {
                  "birth_city": "",
                  "birth_country": "",
                  "birth_date": "",
                  "birth_department": ""
                },
                "family_name": "Pantry",
                "given_name": "Dan",
                "mail_obfuscated": true,
                "organisation": "",
                "phone": "+353.838838549",
                "state": "",
                "street_addr": "Hanover Quarter",
                "type": "person",
                "zip": "D02 RC90"
              }
            ],
            "id": "aredherring.tech",
            "name": "aredherring.tech",
            "nameservers": null,
            "owner": [
              {
                "city": "Dublin",
                "country": "IE",
                "data_obfuscated": true,
                "email": "aredherring2+gandi@gmail.com",
                "extra_parameters": {
                  "birth_city": "",
                  "birth_country": "",
                  "birth_date": "",
                  "birth_department": ""
                },
                "family_name": "Pantry",
                "given_name": "Dan",
                "mail_obfuscated": true,
                "organisation": "",
                "phone": "+353.838838549",
                "state": "",
                "street_addr": "Hanover Quarter",
                "type": "person",
                "zip": "D02 RC90"
              }
            ],
            "tags": null,
            "tech": [
              {
                "city": "Dublin",
                "country": "IE",
                "data_obfuscated": true,
                "email": "aredherring2+gandi@gmail.com",
                "extra_parameters": {
                  "birth_city": "",
                  "birth_country": "",
                  "birth_date": "",
                  "birth_department": ""
                },
                "family_name": "Pantry",
                "given_name": "Dan",
                "mail_obfuscated": true,
                "organisation": "",
                "phone": "+353.838838549",
                "state": "",
                "street_addr": "Hanover Quarter",
                "type": "person",
                "zip": "D02 RC90"
              }
            ],
            "timeouts": {
              "default": null
            }
          },
          "sensitive_attributes": [],
          "private": "eyJlMmJmYjczMC1lY2FhLTExZTYtOGY4OC0zNDM2M2JjN2M0YzAiOnsiY3JlYXRlIjo2MDAwMDAwMDAwMCwiZGVmYXVsdCI6NjAwMDAwMDAwMDAsImRlbGV0ZSI6NjAwMDAwMDAwMDAsInJlYWQiOjYwMDAwMDAwMDAwLCJ1cGRhdGUiOjYwMDAwMDAwMDAwfSwic2NoZW1hX3ZlcnNpb24iOiIwIn0="
        }
      ]
    }
  ],
  "check_results": null
}
