{
  "version": 4,
  "terraform_version": "1.8.1",
  "serial": 11,
  "lineage": "452231a9-bf93-d237-0cc4-7da596a6d198",
  "outputs": {},
  "resources": [
    {
      "mode": "managed",
      "type": "gandi_domain",
      "name": "aredherring_tech",
      "provider": "provider[\"registry.terraform.io/go-gandi/gandi\"]",
      "instances": [
        {
          "schema_version": 0,
          "attributes": {
            "admin": [
              {
                "city": "Dublin",
                "country": "IE",
                "data_obfuscated": true,
                "email": "aredherring2+gandi@gmail.com",
                "extra_parameters": {
                  "birth_city": "",
                  "birth_country": "",
                  "birth_date": "",
                  "birth_department": ""
                },
                "family_name": "Pantry",
                "given_name": "Dan",
                "mail_obfuscated": true,
                "organisation": "",
                "phone": "+353.838838549",
                "state": "",
                "street_addr": "Hanover Quarter",
                "type": "person",
                "zip": "D02 RC90"
              }
            ],
            "autorenew": true,
            "billing": [
              {
                "city": "Dublin",
                "country": "IE",
                "data_obfuscated": true,
                "email": "aredherring2+gandi@gmail.com",
                "extra_parameters": {
                  "birth_city": "",
                  "birth_country": "",
                  "birth_date": "",
                  "birth_department": ""
                },
                "family_name": "Pantry",
                "given_name": "Dan",
                "mail_obfuscated": true,
                "organisation": "",
                "phone": "+353.838838549",
                "state": "",
                "street_addr": "Hanover Quarter",
                "type": "person",
                "zip": "D02 RC90"
              }
            ],
            "id": "aredherring.tech",
            "name": "aredherring.tech",
            "nameservers": null,
            "owner": [
              {
                "city": "Dublin",
                "country": "IE",
                "data_obfuscated": true,
                "email": "aredherring2+gandi@gmail.com",
                "extra_parameters": {
                  "birth_city": "",
                  "birth_country": "",
                  "birth_date": "",
                  "birth_department": ""
                },
                "family_name": "Pantry",
                "given_name": "Dan",
                "mail_obfuscated": true,
                "organisation": "",
                "phone": "+353.838838549",
                "state": "",
                "street_addr": "Hanover Quarter",
                "type": "person",
                "zip": "D02 RC90"
              }
            ],
            "tags": null,
            "tech": [
              {
                "city": "Dublin",
                "country": "IE",
                "data_obfuscated": true,
                "email": "aredherring2+gandi@gmail.com",
                "extra_parameters": {
                  "birth_city": "",
                  "birth_country": "",
                  "birth_date": "",
                  "birth_department": ""
                },
                "family_name": "Pantry",
                "given_name": "Dan",
                "mail_obfuscated": true,
                "organisation": "",
                "phone": "+353.838838549",
                "state": "",
                "street_addr": "Hanover Quarter",
                "type": "person",
                "zip": "D02 RC90"
              }
            ],
            "timeouts": {
              "default": null
            }
          },
          "sensitive_attributes": [],
          "private": "eyJlMmJmYjczMC1lY2FhLTExZTYtOGY4OC0zNDM2M2JjN2M0YzAiOnsiY3JlYXRlIjo2MDAwMDAwMDAwMCwiZGVmYXVsdCI6NjAwMDAwMDAwMDAsImRlbGV0ZSI6NjAwMDAwMDAwMDAsInJlYWQiOjYwMDAwMDAwMDAwLCJ1cGRhdGUiOjYwMDAwMDAwMDAwfX0="
        }
      ]
    },
    {
      "mode": "managed",
      "type": "gandi_livedns_record",
      "name": "aredherring_tech",
      "provider": "provider[\"registry.terraform.io/go-gandi/gandi\"]",
      "instances": [
        {
          "schema_version": 0,
          "attributes": {
            "href": "https://api.gandi.net/v5/livedns/domains/aredherring.tech/records/sso.aredherring.tech/A",
            "id": "aredherring.tech/sso.aredherring.tech/A",
            "mutable": null,
            "name": "sso.aredherring.tech",
            "timeouts": null,
            "ttl": 3600,
            "type": "A",
            "values": [
              "67.187.230.62"
            ],
            "zone": "aredherring.tech"
          },
          "sensitive_attributes": [],
          "private": "eyJlMmJmYjczMC1lY2FhLTExZTYtOGY4OC0zNDM2M2JjN2M0YzAiOnsiY3JlYXRlIjo2MDAwMDAwMDAwMCwiZGVmYXVsdCI6NjAwMDAwMDAwMDAsImRlbGV0ZSI6NjAwMDAwMDAwMDAsInJlYWQiOjYwMDAwMDAwMDAwLCJ1cGRhdGUiOjYwMDAwMDAwMDAwfX0=",
          "dependencies": [
            "gandi_domain.aredherring_tech"
          ]
        }
      ]
    }
  ],
  "check_results": null
}
